// !$*UTF8*$!
{
	archiveVersion = 1;
	classes = {
	};
	objectVersion = 56;
	objects = {

/* Begin PBXBuildFile section */
		654DEABF297F5E8C001565A3 /* Extension.swift in Sources */ = {isa = PBXBuildFile; fileRef = 654DEABE297F5E8C001565A3 /* Extension.swift */; };
		654DEAC3297F6720001565A3 /* SlopesHookupViewController.swift in Sources */ = {isa = PBXBuildFile; fileRef = 654DEAC2297F6720001565A3 /* SlopesHookupViewController.swift */; };
		65A370DC297E594500E1D851 /* AppDelegate.swift in Sources */ = {isa = PBXBuildFile; fileRef = 65A370DB297E594500E1D851 /* AppDelegate.swift */; };
		65A370DE297E594500E1D851 /* SceneDelegate.swift in Sources */ = {isa = PBXBuildFile; fileRef = 65A370DD297E594500E1D851 /* SceneDelegate.swift */; };
		65A370E0297E594500E1D851 /* ViewController.swift in Sources */ = {isa = PBXBuildFile; fileRef = 65A370DF297E594500E1D851 /* ViewController.swift */; };
		65A370E3297E594500E1D851 /* Main.storyboard in Resources */ = {isa = PBXBuildFile; fileRef = 65A370E1297E594500E1D851 /* Main.storyboard */; };
		65A370E5297E594600E1D851 /* Assets.xcassets in Resources */ = {isa = PBXBuildFile; fileRef = 65A370E4297E594600E1D851 /* Assets.xcassets */; };
		65A370E8297E594600E1D851 /* LaunchScreen.storyboard in Resources */ = {isa = PBXBuildFile; fileRef = 65A370E6297E594600E1D851 /* LaunchScreen.storyboard */; };
		65A370F0297E5D1200E1D851 /* ProfileViewController.swift in Sources */ = {isa = PBXBuildFile; fileRef = 65A370EF297E5D1200E1D851 /* ProfileViewController.swift */; };
		65A370F3297E5DCD00E1D851 /* Setting.swift in Sources */ = {isa = PBXBuildFile; fileRef = 65A370F2297E5DCD00E1D851 /* Setting.swift */; };
		65A370F7297E6B5800E1D851 /* Support.swift in Sources */ = {isa = PBXBuildFile; fileRef = 65A370F6297E6B5800E1D851 /* Support.swift */; };
		65A370F9297E6B6F00E1D851 /* Constants.swift in Sources */ = {isa = PBXBuildFile; fileRef = 65A370F8297E6B6F00E1D851 /* Constants.swift */; };
		65AF9FF6297F355500DC59C3 /* LogBookViewController.swift in Sources */ = {isa = PBXBuildFile; fileRef = 65AF9FF5297F355500DC59C3 /* LogBookViewController.swift */; };
/* End PBXBuildFile section */

/* Begin PBXFileReference section */
		654DEABE297F5E8C001565A3 /* Extension.swift */ = {isa = PBXFileReference; lastKnownFileType = sourcecode.swift; path = Extension.swift; sourceTree = "<group>"; };
		654DEAC2297F6720001565A3 /* SlopesHookupViewController.swift */ = {isa = PBXFileReference; lastKnownFileType = sourcecode.swift; path = SlopesHookupViewController.swift; sourceTree = "<group>"; };
		65A370D8297E594500E1D851 /* Mountain-UI-Companion.app */ = {isa = PBXFileReference; explicitFileType = wrapper.application; includeInIndex = 0; path = "Mountain-UI-Companion.app"; sourceTree = BUILT_PRODUCTS_DIR; };
		65A370DB297E594500E1D851 /* AppDelegate.swift */ = {isa = PBXFileReference; lastKnownFileType = sourcecode.swift; path = AppDelegate.swift; sourceTree = "<group>"; };
		65A370DD297E594500E1D851 /* SceneDelegate.swift */ = {isa = PBXFileReference; lastKnownFileType = sourcecode.swift; path = SceneDelegate.swift; sourceTree = "<group>"; };
		65A370DF297E594500E1D851 /* ViewController.swift */ = {isa = PBXFileReference; lastKnownFileType = sourcecode.swift; path = ViewController.swift; sourceTree = "<group>"; };
		65A370E2297E594500E1D851 /* Base */ = {isa = PBXFileReference; lastKnownFileType = file.storyboard; name = Base; path = Base.lproj/Main.storyboard; sourceTree = "<group>"; };
		65A370E4297E594600E1D851 /* Assets.xcassets */ = {isa = PBXFileReference; lastKnownFileType = folder.assetcatalog; path = Assets.xcassets; sourceTree = "<group>"; };
		65A370E7297E594600E1D851 /* Base */ = {isa = PBXFileReference; lastKnownFileType = file.storyboard; name = Base; path = Base.lproj/LaunchScreen.storyboard; sourceTree = "<group>"; };
		65A370E9297E594600E1D851 /* Info.plist */ = {isa = PBXFileReference; lastKnownFileType = text.plist.xml; path = Info.plist; sourceTree = "<group>"; };
		65A370EF297E5D1200E1D851 /* ProfileViewController.swift */ = {isa = PBXFileReference; lastKnownFileType = sourcecode.swift; path = ProfileViewController.swift; sourceTree = "<group>"; };
		65A370F2297E5DCD00E1D851 /* Setting.swift */ = {isa = PBXFileReference; lastKnownFileType = sourcecode.swift; path = Setting.swift; sourceTree = "<group>"; };
		65A370F6297E6B5800E1D851 /* Support.swift */ = {isa = PBXFileReference; lastKnownFileType = sourcecode.swift; path = Support.swift; sourceTree = "<group>"; };
		65A370F8297E6B6F00E1D851 /* Constants.swift */ = {isa = PBXFileReference; lastKnownFileType = sourcecode.swift; path = Constants.swift; sourceTree = "<group>"; };
		65AF9FF5297F355500DC59C3 /* LogBookViewController.swift */ = {isa = PBXFileReference; lastKnownFileType = sourcecode.swift; path = LogBookViewController.swift; sourceTree = "<group>"; };
/* End PBXFileReference section */

/* Begin PBXFrameworksBuildPhase section */
		65A370D5297E594500E1D851 /* Frameworks */ = {
			isa = PBXFrameworksBuildPhase;
			buildActionMask = 2147483647;
			files = (
			);
			runOnlyForDeploymentPostprocessing = 0;
		};
/* End PBXFrameworksBuildPhase section */

/* Begin PBXGroup section */
		65A370CF297E594500E1D851 = {
			isa = PBXGroup;
			children = (
				65A370DA297E594500E1D851 /* Mountain-UI-Companion */,
				65A370D9297E594500E1D851 /* Products */,
			);
			sourceTree = "<group>";
		};
		65A370D9297E594500E1D851 /* Products */ = {
			isa = PBXGroup;
			children = (
				65A370D8297E594500E1D851 /* Mountain-UI-Companion.app */,
			);
			name = Products;
			sourceTree = "<group>";
		};
		65A370DA297E594500E1D851 /* Mountain-UI-Companion */ = {
			isa = PBXGroup;
			children = (
				65A370FC297E6F5100E1D851 /* Config */,
				65A370DB297E594500E1D851 /* AppDelegate.swift */,
				65A370DD297E594500E1D851 /* SceneDelegate.swift */,
				65A370DF297E594500E1D851 /* ViewController.swift */,
				65A370E1297E594500E1D851 /* Main.storyboard */,
				65A370E4297E594600E1D851 /* Assets.xcassets */,
				65A370E6297E594600E1D851 /* LaunchScreen.storyboard */,
				65A370E9297E594600E1D851 /* Info.plist */,
				654DEAC2297F6720001565A3 /* SlopesHookupViewController.swift */,
				65AF9FF7297F355800DC59C3 /* LogBook */,
				65A370F1297E5DBE00E1D851 /* Profile */,
			);
			path = "Mountain-UI-Companion";
			sourceTree = "<group>";
		};
		65A370F1297E5DBE00E1D851 /* Profile */ = {
			isa = PBXGroup;
			children = (
				65A370EF297E5D1200E1D851 /* ProfileViewController.swift */,
				65A370F2297E5DCD00E1D851 /* Setting.swift */,
				65A370F6297E6B5800E1D851 /* Support.swift */,
			);
			path = Profile;
			sourceTree = "<group>";
		};
		65A370FC297E6F5100E1D851 /* Config */ = {
			isa = PBXGroup;
			children = (
				65A370F8297E6B6F00E1D851 /* Constants.swift */,
				654DEABE297F5E8C001565A3 /* Extension.swift */,
			);
			path = Config;
			sourceTree = "<group>";
		};
		65AF9FF7297F355800DC59C3 /* LogBook */ = {
			isa = PBXGroup;
			children = (
				65AF9FF5297F355500DC59C3 /* LogBookViewController.swift */,
			);
			path = LogBook;
			sourceTree = "<group>";
		};
/* End PBXGroup section */

/* Begin PBXNativeTarget section */
		65A370D7297E594500E1D851 /* Mountain-UI-Companion */ = {
			isa = PBXNativeTarget;
			buildConfigurationList = 65A370EC297E594600E1D851 /* Build configuration list for PBXNativeTarget "Mountain-UI-Companion" */;
			buildPhases = (
				65A370D4297E594500E1D851 /* Sources */,
				65A370D5297E594500E1D851 /* Frameworks */,
				65A370D6297E594500E1D851 /* Resources */,
			);
			buildRules = (
			);
			dependencies = (
			);
			name = "Mountain-UI-Companion";
			productName = "Mountain-UI-Companion";
			productReference = 65A370D8297E594500E1D851 /* Mountain-UI-Companion.app */;
			productType = "com.apple.product-type.application";
		};
/* End PBXNativeTarget section */

/* Begin PBXProject section */
		65A370D0297E594500E1D851 /* Project object */ = {
			isa = PBXProject;
			attributes = {
				BuildIndependentTargetsInParallel = 1;
				LastSwiftUpdateCheck = 1420;
				LastUpgradeCheck = 1420;
				TargetAttributes = {
					65A370D7297E594500E1D851 = {
						CreatedOnToolsVersion = 14.2;
					};
				};
			};
			buildConfigurationList = 65A370D3297E594500E1D851 /* Build configuration list for PBXProject "Mountain-UI-Companion" */;
			compatibilityVersion = "Xcode 14.0";
			developmentRegion = en;
			hasScannedForEncodings = 0;
			knownRegions = (
				en,
				Base,
			);
			mainGroup = 65A370CF297E594500E1D851;
			productRefGroup = 65A370D9297E594500E1D851 /* Products */;
			projectDirPath = "";
			projectRoot = "";
			targets = (
				65A370D7297E594500E1D851 /* Mountain-UI-Companion */,
			);
		};
/* End PBXProject section */

/* Begin PBXResourcesBuildPhase section */
		65A370D6297E594500E1D851 /* Resources */ = {
			isa = PBXResourcesBuildPhase;
			buildActionMask = 2147483647;
			files = (
				65A370E8297E594600E1D851 /* LaunchScreen.storyboard in Resources */,
				65A370E5297E594600E1D851 /* Assets.xcassets in Resources */,
				65A370E3297E594500E1D851 /* Main.storyboard in Resources */,
			);
			runOnlyForDeploymentPostprocessing = 0;
		};
/* End PBXResourcesBuildPhase section */

/* Begin PBXSourcesBuildPhase section */
		65A370D4297E594500E1D851 /* Sources */ = {
			isa = PBXSourcesBuildPhase;
			buildActionMask = 2147483647;
			files = (
				654DEAC3297F6720001565A3 /* SlopesHookupViewController.swift in Sources */,
				654DEABF297F5E8C001565A3 /* Extension.swift in Sources */,
				65A370F3297E5DCD00E1D851 /* Setting.swift in Sources */,
				65A370E0297E594500E1D851 /* ViewController.swift in Sources */,
				65AF9FF6297F355500DC59C3 /* LogBookViewController.swift in Sources */,
				65A370DC297E594500E1D851 /* AppDelegate.swift in Sources */,
				65A370F0297E5D1200E1D851 /* ProfileViewController.swift in Sources */,
				65A370F9297E6B6F00E1D851 /* Constants.swift in Sources */,
				65A370DE297E594500E1D851 /* SceneDelegate.swift in Sources */,
				65A370F7297E6B5800E1D851 /* Support.swift in Sources */,
			);
			runOnlyForDeploymentPostprocessing = 0;
		};
/* End PBXSourcesBuildPhase section */

/* Begin PBXVariantGroup section */
		65A370E1297E594500E1D851 /* Main.storyboard */ = {
			isa = PBXVariantGroup;
			children = (
				65A370E2297E594500E1D851 /* Base */,
			);
			name = Main.storyboard;
			sourceTree = "<group>";
		};
		65A370E6297E594600E1D851 /* LaunchScreen.storyboard */ = {
			isa = PBXVariantGroup;
			children = (
				65A370E7297E594600E1D851 /* Base */,
			);
			name = LaunchScreen.storyboard;
			sourceTree = "<group>";
		};
/* End PBXVariantGroup section */

/* Begin XCBuildConfiguration section */
		65A370EA297E594600E1D851 /* Debug */ = {
			isa = XCBuildConfiguration;
			buildSettings = {
				ALWAYS_SEARCH_USER_PATHS = NO;
				CLANG_ANALYZER_NONNULL = YES;
				CLANG_ANALYZER_NUMBER_OBJECT_CONVERSION = YES_AGGRESSIVE;
				CLANG_CXX_LANGUAGE_STANDARD = "gnu++20";
				CLANG_ENABLE_MODULES = YES;
				CLANG_ENABLE_OBJC_ARC = YES;
				CLANG_ENABLE_OBJC_WEAK = YES;
				CLANG_WARN_BLOCK_CAPTURE_AUTORELEASING = YES;
				CLANG_WARN_BOOL_CONVERSION = YES;
				CLANG_WARN_COMMA = YES;
				CLANG_WARN_CONSTANT_CONVERSION = YES;
				CLANG_WARN_DEPRECATED_OBJC_IMPLEMENTATIONS = YES;
				CLANG_WARN_DIRECT_OBJC_ISA_USAGE = YES_ERROR;
				CLANG_WARN_DOCUMENTATION_COMMENTS = YES;
				CLANG_WARN_EMPTY_BODY = YES;
				CLANG_WARN_ENUM_CONVERSION = YES;
				CLANG_WARN_INFINITE_RECURSION = YES;
				CLANG_WARN_INT_CONVERSION = YES;
				CLANG_WARN_NON_LITERAL_NULL_CONVERSION = YES;
				CLANG_WARN_OBJC_IMPLICIT_RETAIN_SELF = YES;
				CLANG_WARN_OBJC_LITERAL_CONVERSION = YES;
				CLANG_WARN_OBJC_ROOT_CLASS = YES_ERROR;
				CLANG_WARN_QUOTED_INCLUDE_IN_FRAMEWORK_HEADER = YES;
				CLANG_WARN_RANGE_LOOP_ANALYSIS = YES;
				CLANG_WARN_STRICT_PROTOTYPES = YES;
				CLANG_WARN_SUSPICIOUS_MOVE = YES;
				CLANG_WARN_UNGUARDED_AVAILABILITY = YES_AGGRESSIVE;
				CLANG_WARN_UNREACHABLE_CODE = YES;
				CLANG_WARN__DUPLICATE_METHOD_MATCH = YES;
				COPY_PHASE_STRIP = NO;
				DEBUG_INFORMATION_FORMAT = dwarf;
				ENABLE_STRICT_OBJC_MSGSEND = YES;
				ENABLE_TESTABILITY = YES;
				GCC_C_LANGUAGE_STANDARD = gnu11;
				GCC_DYNAMIC_NO_PIC = NO;
				GCC_NO_COMMON_BLOCKS = YES;
				GCC_OPTIMIZATION_LEVEL = 0;
				GCC_PREPROCESSOR_DEFINITIONS = (
					"DEBUG=1",
					"$(inherited)",
				);
				GCC_WARN_64_TO_32_BIT_CONVERSION = YES;
				GCC_WARN_ABOUT_RETURN_TYPE = YES_ERROR;
				GCC_WARN_UNDECLARED_SELECTOR = YES;
				GCC_WARN_UNINITIALIZED_AUTOS = YES_AGGRESSIVE;
				GCC_WARN_UNUSED_FUNCTION = YES;
				GCC_WARN_UNUSED_VARIABLE = YES;
				IPHONEOS_DEPLOYMENT_TARGET = 16.2;
				MTL_ENABLE_DEBUG_INFO = INCLUDE_SOURCE;
				MTL_FAST_MATH = YES;
				ONLY_ACTIVE_ARCH = YES;
				SDKROOT = iphoneos;
				SWIFT_ACTIVE_COMPILATION_CONDITIONS = DEBUG;
				SWIFT_OPTIMIZATION_LEVEL = "-Onone";
			};
			name = Debug;
		};
		65A370EB297E594600E1D851 /* Release */ = {
			isa = XCBuildConfiguration;
			buildSettings = {
				ALWAYS_SEARCH_USER_PATHS = NO;
				CLANG_ANALYZER_NONNULL = YES;
				CLANG_ANALYZER_NUMBER_OBJECT_CONVERSION = YES_AGGRESSIVE;
				CLANG_CXX_LANGUAGE_STANDARD = "gnu++20";
				CLANG_ENABLE_MODULES = YES;
				CLANG_ENABLE_OBJC_ARC = YES;
				CLANG_ENABLE_OBJC_WEAK = YES;
				CLANG_WARN_BLOCK_CAPTURE_AUTORELEASING = YES;
				CLANG_WARN_BOOL_CONVERSION = YES;
				CLANG_WARN_COMMA = YES;
				CLANG_WARN_CONSTANT_CONVERSION = YES;
				CLANG_WARN_DEPRECATED_OBJC_IMPLEMENTATIONS = YES;
				CLANG_WARN_DIRECT_OBJC_ISA_USAGE = YES_ERROR;
				CLANG_WARN_DOCUMENTATION_COMMENTS = YES;
				CLANG_WARN_EMPTY_BODY = YES;
				CLANG_WARN_ENUM_CONVERSION = YES;
				CLANG_WARN_INFINITE_RECURSION = YES;
				CLANG_WARN_INT_CONVERSION = YES;
				CLANG_WARN_NON_LITERAL_NULL_CONVERSION = YES;
				CLANG_WARN_OBJC_IMPLICIT_RETAIN_SELF = YES;
				CLANG_WARN_OBJC_LITERAL_CONVERSION = YES;
				CLANG_WARN_OBJC_ROOT_CLASS = YES_ERROR;
				CLANG_WARN_QUOTED_INCLUDE_IN_FRAMEWORK_HEADER = YES;
				CLANG_WARN_RANGE_LOOP_ANALYSIS = YES;
				CLANG_WARN_STRICT_PROTOTYPES = YES;
				CLANG_WARN_SUSPICIOUS_MOVE = YES;
				CLANG_WARN_UNGUARDED_AVAILABILITY = YES_AGGRESSIVE;
				CLANG_WARN_UNREACHABLE_CODE = YES;
				CLANG_WARN__DUPLICATE_METHOD_MATCH = YES;
				COPY_PHASE_STRIP = NO;
				DEBUG_INFORMATION_FORMAT = "dwarf-with-dsym";
				ENABLE_NS_ASSERTIONS = NO;
				ENABLE_STRICT_OBJC_MSGSEND = YES;
				GCC_C_LANGUAGE_STANDARD = gnu11;
				GCC_NO_COMMON_BLOCKS = YES;
				GCC_WARN_64_TO_32_BIT_CONVERSION = YES;
				GCC_WARN_ABOUT_RETURN_TYPE = YES_ERROR;
				GCC_WARN_UNDECLARED_SELECTOR = YES;
				GCC_WARN_UNINITIALIZED_AUTOS = YES_AGGRESSIVE;
				GCC_WARN_UNUSED_FUNCTION = YES;
				GCC_WARN_UNUSED_VARIABLE = YES;
				IPHONEOS_DEPLOYMENT_TARGET = 16.2;
				MTL_ENABLE_DEBUG_INFO = NO;
				MTL_FAST_MATH = YES;
				SDKROOT = iphoneos;
				SWIFT_COMPILATION_MODE = wholemodule;
				SWIFT_OPTIMIZATION_LEVEL = "-O";
				VALIDATE_PRODUCT = YES;
			};
			name = Release;
		};
		65A370ED297E594600E1D851 /* Debug */ = {
			isa = XCBuildConfiguration;
			buildSettings = {
				ASSETCATALOG_COMPILER_APPICON_NAME = AppIcon;
				ASSETCATALOG_COMPILER_GLOBAL_ACCENT_COLOR_NAME = AccentColor;
				CODE_SIGN_STYLE = Automatic;
				CURRENT_PROJECT_VERSION = 1;
				DEVELOPMENT_TEAM = T5V587BPQM;
				GENERATE_INFOPLIST_FILE = YES;
				INFOPLIST_FILE = "Mountain-UI-Companion/Info.plist";
				INFOPLIST_KEY_LSApplicationCategoryType = "public.app-category.utilities";
				INFOPLIST_KEY_UIApplicationSupportsIndirectInputEvents = YES;
				INFOPLIST_KEY_UILaunchStoryboardName = LaunchScreen;
				INFOPLIST_KEY_UIMainStoryboardFile = Main;
				INFOPLIST_KEY_UISupportedInterfaceOrientations = UIInterfaceOrientationPortrait;
				INFOPLIST_KEY_UISupportedInterfaceOrientations_iPad = "UIInterfaceOrientationLandscapeLeft UIInterfaceOrientationLandscapeRight UIInterfaceOrientationPortrait UIInterfaceOrientationPortraitUpsideDown";
				LD_RUNPATH_SEARCH_PATHS = (
					"$(inherited)",
					"@executable_path/Frameworks",
				);
				MARKETING_VERSION = 1.0;
				PRODUCT_BUNDLE_IDENTIFIER = "com.matthewfernst.Mountain-UI-Companion";
				PRODUCT_NAME = "$(TARGET_NAME)";
				SUPPORTED_PLATFORMS = "iphoneos iphonesimulator";
				SUPPORTS_MACCATALYST = NO;
				SUPPORTS_MAC_DESIGNED_FOR_IPHONE_IPAD = NO;
				SWIFT_EMIT_LOC_STRINGS = YES;
				SWIFT_VERSION = 5.0;
				TARGETED_DEVICE_FAMILY = 1;
			};
			name = Debug;
		};
		65A370EE297E594600E1D851 /* Release */ = {
			isa = XCBuildConfiguration;
			buildSettings = {
				ASSETCATALOG_COMPILER_APPICON_NAME = AppIcon;
				ASSETCATALOG_COMPILER_GLOBAL_ACCENT_COLOR_NAME = AccentColor;
				CODE_SIGN_STYLE = Automatic;
				CURRENT_PROJECT_VERSION = 1;
				DEVELOPMENT_TEAM = T5V587BPQM;
				GENERATE_INFOPLIST_FILE = YES;
				INFOPLIST_FILE = "Mountain-UI-Companion/Info.plist";
				INFOPLIST_KEY_LSApplicationCategoryType = "public.app-category.utilities";
				INFOPLIST_KEY_UIApplicationSupportsIndirectInputEvents = YES;
				INFOPLIST_KEY_UILaunchStoryboardName = LaunchScreen;
				INFOPLIST_KEY_UIMainStoryboardFile = Main;
				INFOPLIST_KEY_UISupportedInterfaceOrientations = UIInterfaceOrientationPortrait;
				INFOPLIST_KEY_UISupportedInterfaceOrientations_iPad = "UIInterfaceOrientationLandscapeLeft UIInterfaceOrientationLandscapeRight UIInterfaceOrientationPortrait UIInterfaceOrientationPortraitUpsideDown";
				LD_RUNPATH_SEARCH_PATHS = (
					"$(inherited)",
					"@executable_path/Frameworks",
				);
				MARKETING_VERSION = 1.0;
				PRODUCT_BUNDLE_IDENTIFIER = "com.matthewfernst.Mountain-UI-Companion";
				PRODUCT_NAME = "$(TARGET_NAME)";
				SUPPORTED_PLATFORMS = "iphoneos iphonesimulator";
				SUPPORTS_MACCATALYST = NO;
				SUPPORTS_MAC_DESIGNED_FOR_IPHONE_IPAD = NO;
				SWIFT_EMIT_LOC_STRINGS = YES;
				SWIFT_VERSION = 5.0;
				TARGETED_DEVICE_FAMILY = 1;
			};
			name = Release;
		};
/* End XCBuildConfiguration section */

/* Begin XCConfigurationList section */
		65A370D3297E594500E1D851 /* Build configuration list for PBXProject "Mountain-UI-Companion" */ = {
			isa = XCConfigurationList;
			buildConfigurations = (
				65A370EA297E594600E1D851 /* Debug */,
				65A370EB297E594600E1D851 /* Release */,
			);
			defaultConfigurationIsVisible = 0;
			defaultConfigurationName = Release;
		};
		65A370EC297E594600E1D851 /* Build configuration list for PBXNativeTarget "Mountain-UI-Companion" */ = {
			isa = XCConfigurationList;
			buildConfigurations = (
				65A370ED297E594600E1D851 /* Debug */,
				65A370EE297E594600E1D851 /* Release */,
			);
			defaultConfigurationIsVisible = 0;
			defaultConfigurationName = Release;
		};
/* End XCConfigurationList section */
	};
	rootObject = 65A370D0297E594500E1D851 /* Project object */;
}
